// !$*UTF8*$!
{
	archiveVersion = 1;
	classes = {
	};
	objectVersion = 48;
	objects = {

/* Begin PBXBuildFile section */
		AB33F6491FBAC7FF0018C54E /* AppDelegate.swift in Sources */ = {isa = PBXBuildFile; fileRef = AB33F6481FBAC7FF0018C54E /* AppDelegate.swift */; };
		AB33F64B1FBAC7FF0018C54E /* ViewController.swift in Sources */ = {isa = PBXBuildFile; fileRef = AB33F64A1FBAC7FF0018C54E /* ViewController.swift */; };
		AB33F64E1FBAC7FF0018C54E /* Main.storyboard in Resources */ = {isa = PBXBuildFile; fileRef = AB33F64C1FBAC7FF0018C54E /* Main.storyboard */; };
		AB33F6501FBAC7FF0018C54E /* Assets.xcassets in Resources */ = {isa = PBXBuildFile; fileRef = AB33F64F1FBAC7FF0018C54E /* Assets.xcassets */; };
		AB33F6531FBAC7FF0018C54E /* LaunchScreen.storyboard in Resources */ = {isa = PBXBuildFile; fileRef = AB33F6511FBAC7FF0018C54E /* LaunchScreen.storyboard */; };
/* End PBXBuildFile section */

/* Begin PBXFileReference section */
		AB33F6451FBAC7FF0018C54E /* FourthDemo.app */ = {isa = PBXFileReference; explicitFileType = wrapper.application; includeInIndex = 0; path = FourthDemo.app; sourceTree = BUILT_PRODUCTS_DIR; };
		AB33F6481FBAC7FF0018C54E /* AppDelegate.swift */ = {isa = PBXFileReference; lastKnownFileType = sourcecode.swift; path = AppDelegate.swift; sourceTree = "<group>"; };
		AB33F64A1FBAC7FF0018C54E /* ViewController.swift */ = {isa = PBXFileReference; lastKnownFileType = sourcecode.swift; path = ViewController.swift; sourceTree = "<group>"; };
		AB33F64D1FBAC7FF0018C54E /* Base */ = {isa = PBXFileReference; lastKnownFileType = file.storyboard; name = Base; path = Base.lproj/Main.storyboard; sourceTree = "<group>"; };
		AB33F64F1FBAC7FF0018C54E /* Assets.xcassets */ = {isa = PBXFileReference; lastKnownFileType = folder.assetcatalog; path = Assets.xcassets; sourceTree = "<group>"; };
		AB33F6521FBAC7FF0018C54E /* Base */ = {isa = PBXFileReference; lastKnownFileType = file.storyboard; name = Base; path = Base.lproj/LaunchScreen.storyboard; sourceTree = "<group>"; };
		AB33F6541FBAC7FF0018C54E /* Info.plist */ = {isa = PBXFileReference; lastKnownFileType = text.plist.xml; path = Info.plist; sourceTree = "<group>"; };
/* End PBXFileReference section */

/* Begin PBXFrameworksBuildPhase section */
		AB33F6421FBAC7FF0018C54E /* Frameworks */ = {
			isa = PBXFrameworksBuildPhase;
			buildActionMask = 2147483647;
			files = (
			);
			runOnlyForDeploymentPostprocessing = 0;
		};
/* End PBXFrameworksBuildPhase section */

/* Begin PBXGroup section */
		AB33F63C1FBAC7FF0018C54E = {
			isa = PBXGroup;
			children = (
				AB33F6471FBAC7FF0018C54E /* FourthDemo */,
				AB33F6461FBAC7FF0018C54E /* Products */,
			);
			sourceTree = "<group>";
		};
		AB33F6461FBAC7FF0018C54E /* Products */ = {
			isa = PBXGroup;
			children = (
				AB33F6451FBAC7FF0018C54E /* FourthDemo.app */,
			);
			name = Products;
			sourceTree = "<group>";
		};
		AB33F6471FBAC7FF0018C54E /* FourthDemo */ = {
			isa = PBXGroup;
			children = (
				AB33F6481FBAC7FF0018C54E /* AppDelegate.swift */,
				AB33F64A1FBAC7FF0018C54E /* ViewController.swift */,
				AB33F64C1FBAC7FF0018C54E /* Main.storyboard */,
				AB33F64F1FBAC7FF0018C54E /* Assets.xcassets */,
				AB33F6511FBAC7FF0018C54E /* LaunchScreen.storyboard */,
				AB33F6541FBAC7FF0018C54E /* Info.plist */,
			);
			path = FourthDemo;
			sourceTree = "<group>";
		};
/* End PBXGroup section */

/* Begin PBXNativeTarget section */
		AB33F6441FBAC7FF0018C54E /* FourthDemo */ = {
			isa = PBXNativeTarget;
			buildConfigurationList = AB33F6571FBAC7FF0018C54E /* Build configuration list for PBXNativeTarget "FourthDemo" */;
			buildPhases = (
				AB33F6411FBAC7FF0018C54E /* Sources */,
				AB33F6421FBAC7FF0018C54E /* Frameworks */,
				AB33F6431FBAC7FF0018C54E /* Resources */,
			);
			buildRules = (
			);
			dependencies = (
			);
			name = FourthDemo;
			productName = FourthDemo;
			productReference = AB33F6451FBAC7FF0018C54E /* FourthDemo.app */;
			productType = "com.apple.product-type.application";
		};
/* End PBXNativeTarget section */

/* Begin PBXProject section */
		AB33F63D1FBAC7FF0018C54E /* Project object */ = {
			isa = PBXProject;
			attributes = {
				LastSwiftUpdateCheck = 0910;
				LastUpgradeCheck = 0910;
				ORGANIZATIONNAME = "得一";
				TargetAttributes = {
					AB33F6441FBAC7FF0018C54E = {
						CreatedOnToolsVersion = 9.1;
						ProvisioningStyle = Automatic;
					};
				};
			};
			buildConfigurationList = AB33F6401FBAC7FF0018C54E /* Build configuration list for PBXProject "FourthDemo" */;
			compatibilityVersion = "Xcode 8.0";
			developmentRegion = en;
			hasScannedForEncodings = 0;
			knownRegions = (
				en,
				Base,
			);
			mainGroup = AB33F63C1FBAC7FF0018C54E;
			productRefGroup = AB33F6461FBAC7FF0018C54E /* Products */;
			projectDirPath = "";
			projectRoot = "";
			targets = (
				AB33F6441FBAC7FF0018C54E /* FourthDemo */,
			);
		};
/* End PBXProject section */

/* Begin PBXResourcesBuildPhase section */
		AB33F6431FBAC7FF0018C54E /* Resources */ = {
			isa = PBXResourcesBuildPhase;
			buildActionMask = 2147483647;
			files = (
				AB33F6531FBAC7FF0018C54E /* LaunchScreen.storyboard in Resources */,
				AB33F6501FBAC7FF0018C54E /* Assets.xcassets in Resources */,
				AB33F64E1FBAC7FF0018C54E /* Main.storyboard in Resources */,
			);
			runOnlyForDeploymentPostprocessing = 0;
		};
/* End PBXResourcesBuildPhase section */

/* Begin PBXSourcesBuildPhase section */
		AB33F6411FBAC7FF0018C54E /* Sources */ = {
			isa = PBXSourcesBuildPhase;
			buildActionMask = 2147483647;
			files = (
				AB33F64B1FBAC7FF0018C54E /* ViewController.swift in Sources */,
				AB33F6491FBAC7FF0018C54E /* AppDelegate.swift in Sources */,
			);
			runOnlyForDeploymentPostprocessing = 0;
		};
/* End PBXSourcesBuildPhase section */

/* Begin PBXVariantGroup section */
		AB33F64C1FBAC7FF0018C54E /* Main.storyboard */ = {
			isa = PBXVariantGroup;
			children = (
				AB33F64D1FBAC7FF0018C54E /* Base */,
			);
			name = Main.storyboard;
			sourceTree = "<group>";
		};
		AB33F6511FBAC7FF0018C54E /* LaunchScreen.storyboard */ = {
			isa = PBXVariantGroup;
			children = (
				AB33F6521FBAC7FF0018C54E /* Base */,
			);
			name = LaunchScreen.storyboard;
			sourceTree = "<group>";
		};
/* End PBXVariantGroup section */

/* Begin XCBuildConfiguration section */
		AB33F6551FBAC7FF0018C54E /* Debug */ = {
			isa = XCBuildConfiguration;
			buildSettings = {
				ALWAYS_SEARCH_USER_PATHS = NO;
				CLANG_ANALYZER_NONNULL = YES;
				CLANG_ANALYZER_NUMBER_OBJECT_CONVERSION = YES_AGGRESSIVE;
				CLANG_CXX_LANGUAGE_STANDARD = "gnu++14";
				CLANG_CXX_LIBRARY = "libc++";
				CLANG_ENABLE_MODULES = YES;
				CLANG_ENABLE_OBJC_ARC = YES;
				CLANG_WARN_BLOCK_CAPTURE_AUTORELEASING = YES;
				CLANG_WARN_BOOL_CONVERSION = YES;
				CLANG_WARN_COMMA = YES;
				CLANG_WARN_CONSTANT_CONVERSION = YES;
				CLANG_WARN_DIRECT_OBJC_ISA_USAGE = YES_ERROR;
				CLANG_WARN_DOCUMENTATION_COMMENTS = YES;
				CLANG_WARN_EMPTY_BODY = YES;
				CLANG_WARN_ENUM_CONVERSION = YES;
				CLANG_WARN_INFINITE_RECURSION = YES;
				CLANG_WARN_INT_CONVERSION = YES;
				CLANG_WARN_NON_LITERAL_NULL_CONVERSION = YES;
				CLANG_WARN_OBJC_LITERAL_CONVERSION = YES;
				CLANG_WARN_OBJC_ROOT_CLASS = YES_ERROR;
				CLANG_WARN_RANGE_LOOP_ANALYSIS = YES;
				CLANG_WARN_STRICT_PROTOTYPES = YES;
				CLANG_WARN_SUSPICIOUS_MOVE = YES;
				CLANG_WARN_UNGUARDED_AVAILABILITY = YES_AGGRESSIVE;
				CLANG_WARN_UNREACHABLE_CODE = YES;
				CLANG_WARN__DUPLICATE_METHOD_MATCH = YES;
				CODE_SIGN_IDENTITY = "iPhone Developer";
				COPY_PHASE_STRIP = NO;
				DEBUG_INFORMATION_FORMAT = dwarf;
				ENABLE_STRICT_OBJC_MSGSEND = YES;
				ENABLE_TESTABILITY = YES;
				GCC_C_LANGUAGE_STANDARD = gnu11;
				GCC_DYNAMIC_NO_PIC = NO;
				GCC_NO_COMMON_BLOCKS = YES;
				GCC_OPTIMIZATION_LEVEL = 0;
				GCC_PREPROCESSOR_DEFINITIONS = (
					"DEBUG=1",
					"$(inherited)",
				);
				GCC_WARN_64_TO_32_BIT_CONVERSION = YES;
				GCC_WARN_ABOUT_RETURN_TYPE = YES_ERROR;
				GCC_WARN_UNDECLARED_SELECTOR = YES;
				GCC_WARN_UNINITIALIZED_AUTOS = YES_AGGRESSIVE;
				GCC_WARN_UNUSED_FUNCTION = YES;
				GCC_WARN_UNUSED_VARIABLE = YES;
				IPHONEOS_DEPLOYMENT_TARGET = 11.1;
				MTL_ENABLE_DEBUG_INFO = YES;
				ONLY_ACTIVE_ARCH = YES;
				SDKROOT = iphoneos;
				SWIFT_ACTIVE_COMPILATION_CONDITIONS = DEBUG;
				SWIFT_OPTIMIZATION_LEVEL = "-Onone";
			};
			name = Debug;
		};
		AB33F6561FBAC7FF0018C54E /* Release */ = {
			isa = XCBuildConfiguration;
			buildSettings = {
				ALWAYS_SEARCH_USER_PATHS = NO;
				CLANG_ANALYZER_NONNULL = YES;
				CLANG_ANALYZER_NUMBER_OBJECT_CONVERSION = YES_AGGRESSIVE;
				CLANG_CXX_LANGUAGE_STANDARD = "gnu++14";
				CLANG_CXX_LIBRARY = "libc++";
				CLANG_ENABLE_MODULES = YES;
				CLANG_ENABLE_OBJC_ARC = YES;
				CLANG_WARN_BLOCK_CAPTURE_AUTORELEASING = YES;
				CLANG_WARN_BOOL_CONVERSION = YES;
				CLANG_WARN_COMMA = YES;
				CLANG_WARN_CONSTANT_CONVERSION = YES;
				CLANG_WARN_DIRECT_OBJC_ISA_USAGE = YES_ERROR;
				CLANG_WARN_DOCUMENTATION_COMMENTS = YES;
				CLANG_WARN_EMPTY_BODY = YES;
				CLANG_WARN_ENUM_CONVERSION = YES;
				CLANG_WARN_INFINITE_RECURSION = YES;
				CLANG_WARN_INT_CONVERSION = YES;
				CLANG_WARN_NON_LITERAL_NULL_CONVERSION = YES;
				CLANG_WARN_OBJC_LITERAL_CONVERSION = YES;
				CLANG_WARN_OBJC_ROOT_CLASS = YES_ERROR;
				CLANG_WARN_RANGE_LOOP_ANALYSIS = YES;
				CLANG_WARN_STRICT_PROTOTYPES = YES;
				CLANG_WARN_SUSPICIOUS_MOVE = YES;
				CLANG_WARN_UNGUARDED_AVAILABILITY = YES_AGGRESSIVE;
				CLANG_WARN_UNREACHABLE_CODE = YES;
				CLANG_WARN__DUPLICATE_METHOD_MATCH = YES;
				CODE_SIGN_IDENTITY = "iPhone Developer";
				COPY_PHASE_STRIP = NO;
				DEBUG_INFORMATION_FORMAT = "dwarf-with-dsym";
				ENABLE_NS_ASSERTIONS = NO;
				ENABLE_STRICT_OBJC_MSGSEND = YES;
				GCC_C_LANGUAGE_STANDARD = gnu11;
				GCC_NO_COMMON_BLOCKS = YES;
				GCC_WARN_64_TO_32_BIT_CONVERSION = YES;
				GCC_WARN_ABOUT_RETURN_TYPE = YES_ERROR;
				GCC_WARN_UNDECLARED_SELECTOR = YES;
				GCC_WARN_UNINITIALIZED_AUTOS = YES_AGGRESSIVE;
				GCC_WARN_UNUSED_FUNCTION = YES;
				GCC_WARN_UNUSED_VARIABLE = YES;
				IPHONEOS_DEPLOYMENT_TARGET = 11.1;
				MTL_ENABLE_DEBUG_INFO = NO;
				SDKROOT = iphoneos;
				SWIFT_OPTIMIZATION_LEVEL = "-Owholemodule";
				VALIDATE_PRODUCT = YES;
			};
			name = Release;
		};
		AB33F6581FBAC7FF0018C54E /* Debug */ = {
			isa = XCBuildConfiguration;
			buildSettings = {
				ASSETCATALOG_COMPILER_APPICON_NAME = AppIcon;
				CODE_SIGN_STYLE = Automatic;
				DEVELOPMENT_TEAM = 8E2YC6766L;
				INFOPLIST_FILE = FourthDemo/Info.plist;
				LD_RUNPATH_SEARCH_PATHS = "$(inherited) @executable_path/Frameworks";
				PRODUCT_BUNDLE_IDENTIFIER = com.learnSwift..FourthDemo;
				PRODUCT_NAME = "$(TARGET_NAME)";
				SWIFT_VERSION = 4.0;
				TARGETED_DEVICE_FAMILY = "1,2";
			};
			name = Debug;
		};
		AB33F6591FBAC7FF0018C54E /* Release */ = {
			isa = XCBuildConfiguration;
			buildSettings = {
				ASSETCATALOG_COMPILER_APPICON_NAME = AppIcon;
				CODE_SIGN_STYLE = Automatic;
				DEVELOPMENT_TEAM = 8E2YC6766L;
				INFOPLIST_FILE = FourthDemo/Info.plist;
				LD_RUNPATH_SEARCH_PATHS = "$(inherited) @executable_path/Frameworks";
				PRODUCT_BUNDLE_IDENTIFIER = com.learnSwift..FourthDemo;
				PRODUCT_NAME = "$(TARGET_NAME)";
				SWIFT_VERSION = 4.0;
				TARGETED_DEVICE_FAMILY = "1,2";
			};
			name = Release;
		};
/* End XCBuildConfiguration section */

/* Begin XCConfigurationList section */
		AB33F6401FBAC7FF0018C54E /* Build configuration list for PBXProject "FourthDemo" */ = {
			isa = XCConfigurationList;
			buildConfigurations = (
				AB33F6551FBAC7FF0018C54E /* Debug */,
				AB33F6561FBAC7FF0018C54E /* Release */,
			);
			defaultConfigurationIsVisible = 0;
			defaultConfigurationName = Release;
		};
		AB33F6571FBAC7FF0018C54E /* Build configuration list for PBXNativeTarget "FourthDemo" */ = {
			isa = XCConfigurationList;
			buildConfigurations = (
				AB33F6581FBAC7FF0018C54E /* Debug */,
				AB33F6591FBAC7FF0018C54E /* Release */,
			);
			defaultConfigurationIsVisible = 0;
			defaultConfigurationName = Release;
		};
/* End XCConfigurationList section */
	};
	rootObject = AB33F63D1FBAC7FF0018C54E /* Project object */;
}
