// !$*UTF8*$!
{
	archiveVersion = 1;
	classes = {
	};
	objectVersion = 48;
	objects = {

/* Begin PBXBuildFile section */
		AB667C941FAC389100EC203C /* AppDelegate.swift in Sources */ = {isa = PBXBuildFile; fileRef = AB667C931FAC389100EC203C /* AppDelegate.swift */; };
		AB667C961FAC389100EC203C /* ViewController.swift in Sources */ = {isa = PBXBuildFile; fileRef = AB667C951FAC389100EC203C /* ViewController.swift */; };
		AB667C991FAC389100EC203C /* Main.storyboard in Resources */ = {isa = PBXBuildFile; fileRef = AB667C971FAC389100EC203C /* Main.storyboard */; };
		AB667C9B1FAC389100EC203C /* Assets.xcassets in Resources */ = {isa = PBXBuildFile; fileRef = AB667C9A1FAC389100EC203C /* Assets.xcassets */; };
		AB667C9E1FAC389100EC203C /* LaunchScreen.storyboard in Resources */ = {isa = PBXBuildFile; fileRef = AB667C9C1FAC389100EC203C /* LaunchScreen.storyboard */; };
		AB667CA61FAC3A3B00EC203C /* CardCell.swift in Sources */ = {isa = PBXBuildFile; fileRef = AB667CA51FAC3A3B00EC203C /* CardCell.swift */; };
		AB667CAA1FAC4B3800EC203C /* ImageLayout.swift in Sources */ = {isa = PBXBuildFile; fileRef = AB667CA91FAC4B3800EC203C /* ImageLayout.swift */; };
/* End PBXBuildFile section */

/* Begin PBXFileReference section */
		AB667C901FAC389100EC203C /* ThirdDemo.app */ = {isa = PBXFileReference; explicitFileType = wrapper.application; includeInIndex = 0; path = ThirdDemo.app; sourceTree = BUILT_PRODUCTS_DIR; };
		AB667C931FAC389100EC203C /* AppDelegate.swift */ = {isa = PBXFileReference; lastKnownFileType = sourcecode.swift; path = AppDelegate.swift; sourceTree = "<group>"; };
		AB667C951FAC389100EC203C /* ViewController.swift */ = {isa = PBXFileReference; lastKnownFileType = sourcecode.swift; path = ViewController.swift; sourceTree = "<group>"; };
		AB667C981FAC389100EC203C /* Base */ = {isa = PBXFileReference; lastKnownFileType = file.storyboard; name = Base; path = Base.lproj/Main.storyboard; sourceTree = "<group>"; };
		AB667C9A1FAC389100EC203C /* Assets.xcassets */ = {isa = PBXFileReference; lastKnownFileType = folder.assetcatalog; path = Assets.xcassets; sourceTree = "<group>"; };
		AB667C9D1FAC389100EC203C /* Base */ = {isa = PBXFileReference; lastKnownFileType = file.storyboard; name = Base; path = Base.lproj/LaunchScreen.storyboard; sourceTree = "<group>"; };
		AB667C9F1FAC389100EC203C /* Info.plist */ = {isa = PBXFileReference; lastKnownFileType = text.plist.xml; path = Info.plist; sourceTree = "<group>"; };
		AB667CA51FAC3A3B00EC203C /* CardCell.swift */ = {isa = PBXFileReference; lastKnownFileType = sourcecode.swift; path = CardCell.swift; sourceTree = "<group>"; };
		AB667CA91FAC4B3800EC203C /* ImageLayout.swift */ = {isa = PBXFileReference; lastKnownFileType = sourcecode.swift; path = ImageLayout.swift; sourceTree = "<group>"; };
/* End PBXFileReference section */

/* Begin PBXFrameworksBuildPhase section */
		AB667C8D1FAC389100EC203C /* Frameworks */ = {
			isa = PBXFrameworksBuildPhase;
			buildActionMask = 2147483647;
			files = (
			);
			runOnlyForDeploymentPostprocessing = 0;
		};
/* End PBXFrameworksBuildPhase section */

/* Begin PBXGroup section */
		AB667C871FAC389100EC203C = {
			isa = PBXGroup;
			children = (
				AB667C921FAC389100EC203C /* ThirdDemo */,
				AB667C911FAC389100EC203C /* Products */,
			);
			sourceTree = "<group>";
		};
		AB667C911FAC389100EC203C /* Products */ = {
			isa = PBXGroup;
			children = (
				AB667C901FAC389100EC203C /* ThirdDemo.app */,
			);
			name = Products;
			sourceTree = "<group>";
		};
		AB667C921FAC389100EC203C /* ThirdDemo */ = {
			isa = PBXGroup;
			children = (
				AB667CA91FAC4B3800EC203C /* ImageLayout.swift */,
				AB667C931FAC389100EC203C /* AppDelegate.swift */,
				AB667C951FAC389100EC203C /* ViewController.swift */,
				AB667CA51FAC3A3B00EC203C /* CardCell.swift */,
				AB667C971FAC389100EC203C /* Main.storyboard */,
				AB667C9A1FAC389100EC203C /* Assets.xcassets */,
				AB667C9C1FAC389100EC203C /* LaunchScreen.storyboard */,
				AB667C9F1FAC389100EC203C /* Info.plist */,
			);
			path = ThirdDemo;
			sourceTree = "<group>";
		};
/* End PBXGroup section */

/* Begin PBXNativeTarget section */
		AB667C8F1FAC389100EC203C /* ThirdDemo */ = {
			isa = PBXNativeTarget;
			buildConfigurationList = AB667CA21FAC389100EC203C /* Build configuration list for PBXNativeTarget "ThirdDemo" */;
			buildPhases = (
				AB667C8C1FAC389100EC203C /* Sources */,
				AB667C8D1FAC389100EC203C /* Frameworks */,
				AB667C8E1FAC389100EC203C /* Resources */,
			);
			buildRules = (
			);
			dependencies = (
			);
			name = ThirdDemo;
			productName = ThirdDemo;
			productReference = AB667C901FAC389100EC203C /* ThirdDemo.app */;
			productType = "com.apple.product-type.application";
		};
/* End PBXNativeTarget section */

/* Begin PBXProject section */
		AB667C881FAC389100EC203C /* Project object */ = {
			isa = PBXProject;
			attributes = {
				LastSwiftUpdateCheck = 0910;
				LastUpgradeCheck = 0910;
				ORGANIZATIONNAME = "得一";
				TargetAttributes = {
					AB667C8F1FAC389100EC203C = {
						CreatedOnToolsVersion = 9.1;
						ProvisioningStyle = Automatic;
					};
				};
			};
			buildConfigurationList = AB667C8B1FAC389100EC203C /* Build configuration list for PBXProject "ThirdDemo" */;
			compatibilityVersion = "Xcode 8.0";
			developmentRegion = en;
			hasScannedForEncodings = 0;
			knownRegions = (
				en,
				Base,
			);
			mainGroup = AB667C871FAC389100EC203C;
			productRefGroup = AB667C911FAC389100EC203C /* Products */;
			projectDirPath = "";
			projectRoot = "";
			targets = (
				AB667C8F1FAC389100EC203C /* ThirdDemo */,
			);
		};
/* End PBXProject section */

/* Begin PBXResourcesBuildPhase section */
		AB667C8E1FAC389100EC203C /* Resources */ = {
			isa = PBXResourcesBuildPhase;
			buildActionMask = 2147483647;
			files = (
				AB667C9E1FAC389100EC203C /* LaunchScreen.storyboard in Resources */,
				AB667C9B1FAC389100EC203C /* Assets.xcassets in Resources */,
				AB667C991FAC389100EC203C /* Main.storyboard in Resources */,
			);
			runOnlyForDeploymentPostprocessing = 0;
		};
/* End PBXResourcesBuildPhase section */

/* Begin PBXSourcesBuildPhase section */
		AB667C8C1FAC389100EC203C /* Sources */ = {
			isa = PBXSourcesBuildPhase;
			buildActionMask = 2147483647;
			files = (
				AB667C961FAC389100EC203C /* ViewController.swift in Sources */,
				AB667C941FAC389100EC203C /* AppDelegate.swift in Sources */,
				AB667CA61FAC3A3B00EC203C /* CardCell.swift in Sources */,
				AB667CAA1FAC4B3800EC203C /* ImageLayout.swift in Sources */,
			);
			runOnlyForDeploymentPostprocessing = 0;
		};
/* End PBXSourcesBuildPhase section */

/* Begin PBXVariantGroup section */
		AB667C971FAC389100EC203C /* Main.storyboard */ = {
			isa = PBXVariantGroup;
			children = (
				AB667C981FAC389100EC203C /* Base */,
			);
			name = Main.storyboard;
			sourceTree = "<group>";
		};
		AB667C9C1FAC389100EC203C /* LaunchScreen.storyboard */ = {
			isa = PBXVariantGroup;
			children = (
				AB667C9D1FAC389100EC203C /* Base */,
			);
			name = LaunchScreen.storyboard;
			sourceTree = "<group>";
		};
/* End PBXVariantGroup section */

/* Begin XCBuildConfiguration section */
		AB667CA01FAC389100EC203C /* Debug */ = {
			isa = XCBuildConfiguration;
			buildSettings = {
				ALWAYS_SEARCH_USER_PATHS = NO;
				CLANG_ANALYZER_NONNULL = YES;
				CLANG_ANALYZER_NUMBER_OBJECT_CONVERSION = YES_AGGRESSIVE;
				CLANG_CXX_LANGUAGE_STANDARD = "gnu++14";
				CLANG_CXX_LIBRARY = "libc++";
				CLANG_ENABLE_MODULES = YES;
				CLANG_ENABLE_OBJC_ARC = YES;
				CLANG_WARN_BLOCK_CAPTURE_AUTORELEASING = YES;
				CLANG_WARN_BOOL_CONVERSION = YES;
				CLANG_WARN_COMMA = YES;
				CLANG_WARN_CONSTANT_CONVERSION = YES;
				CLANG_WARN_DIRECT_OBJC_ISA_USAGE = YES_ERROR;
				CLANG_WARN_DOCUMENTATION_COMMENTS = YES;
				CLANG_WARN_EMPTY_BODY = YES;
				CLANG_WARN_ENUM_CONVERSION = YES;
				CLANG_WARN_INFINITE_RECURSION = YES;
				CLANG_WARN_INT_CONVERSION = YES;
				CLANG_WARN_NON_LITERAL_NULL_CONVERSION = YES;
				CLANG_WARN_OBJC_LITERAL_CONVERSION = YES;
				CLANG_WARN_OBJC_ROOT_CLASS = YES_ERROR;
				CLANG_WARN_RANGE_LOOP_ANALYSIS = YES;
				CLANG_WARN_STRICT_PROTOTYPES = YES;
				CLANG_WARN_SUSPICIOUS_MOVE = YES;
				CLANG_WARN_UNGUARDED_AVAILABILITY = YES_AGGRESSIVE;
				CLANG_WARN_UNREACHABLE_CODE = YES;
				CLANG_WARN__DUPLICATE_METHOD_MATCH = YES;
				CODE_SIGN_IDENTITY = "iPhone Developer";
				COPY_PHASE_STRIP = NO;
				DEBUG_INFORMATION_FORMAT = dwarf;
				ENABLE_STRICT_OBJC_MSGSEND = YES;
				ENABLE_TESTABILITY = YES;
				GCC_C_LANGUAGE_STANDARD = gnu11;
				GCC_DYNAMIC_NO_PIC = NO;
				GCC_NO_COMMON_BLOCKS = YES;
				GCC_OPTIMIZATION_LEVEL = 0;
				GCC_PREPROCESSOR_DEFINITIONS = (
					"DEBUG=1",
					"$(inherited)",
				);
				GCC_WARN_64_TO_32_BIT_CONVERSION = YES;
				GCC_WARN_ABOUT_RETURN_TYPE = YES_ERROR;
				GCC_WARN_UNDECLARED_SELECTOR = YES;
				GCC_WARN_UNINITIALIZED_AUTOS = YES_AGGRESSIVE;
				GCC_WARN_UNUSED_FUNCTION = YES;
				GCC_WARN_UNUSED_VARIABLE = YES;
				IPHONEOS_DEPLOYMENT_TARGET = 11.1;
				MTL_ENABLE_DEBUG_INFO = YES;
				ONLY_ACTIVE_ARCH = YES;
				SDKROOT = iphoneos;
				SWIFT_ACTIVE_COMPILATION_CONDITIONS = DEBUG;
				SWIFT_OPTIMIZATION_LEVEL = "-Onone";
			};
			name = Debug;
		};
		AB667CA11FAC389100EC203C /* Release */ = {
			isa = XCBuildConfiguration;
			buildSettings = {
				ALWAYS_SEARCH_USER_PATHS = NO;
				CLANG_ANALYZER_NONNULL = YES;
				CLANG_ANALYZER_NUMBER_OBJECT_CONVERSION = YES_AGGRESSIVE;
				CLANG_CXX_LANGUAGE_STANDARD = "gnu++14";
				CLANG_CXX_LIBRARY = "libc++";
				CLANG_ENABLE_MODULES = YES;
				CLANG_ENABLE_OBJC_ARC = YES;
				CLANG_WARN_BLOCK_CAPTURE_AUTORELEASING = YES;
				CLANG_WARN_BOOL_CONVERSION = YES;
				CLANG_WARN_COMMA = YES;
				CLANG_WARN_CONSTANT_CONVERSION = YES;
				CLANG_WARN_DIRECT_OBJC_ISA_USAGE = YES_ERROR;
				CLANG_WARN_DOCUMENTATION_COMMENTS = YES;
				CLANG_WARN_EMPTY_BODY = YES;
				CLANG_WARN_ENUM_CONVERSION = YES;
				CLANG_WARN_INFINITE_RECURSION = YES;
				CLANG_WARN_INT_CONVERSION = YES;
				CLANG_WARN_NON_LITERAL_NULL_CONVERSION = YES;
				CLANG_WARN_OBJC_LITERAL_CONVERSION = YES;
				CLANG_WARN_OBJC_ROOT_CLASS = YES_ERROR;
				CLANG_WARN_RANGE_LOOP_ANALYSIS = YES;
				CLANG_WARN_STRICT_PROTOTYPES = YES;
				CLANG_WARN_SUSPICIOUS_MOVE = YES;
				CLANG_WARN_UNGUARDED_AVAILABILITY = YES_AGGRESSIVE;
				CLANG_WARN_UNREACHABLE_CODE = YES;
				CLANG_WARN__DUPLICATE_METHOD_MATCH = YES;
				CODE_SIGN_IDENTITY = "iPhone Developer";
				COPY_PHASE_STRIP = NO;
				DEBUG_INFORMATION_FORMAT = "dwarf-with-dsym";
				ENABLE_NS_ASSERTIONS = NO;
				ENABLE_STRICT_OBJC_MSGSEND = YES;
				GCC_C_LANGUAGE_STANDARD = gnu11;
				GCC_NO_COMMON_BLOCKS = YES;
				GCC_WARN_64_TO_32_BIT_CONVERSION = YES;
				GCC_WARN_ABOUT_RETURN_TYPE = YES_ERROR;
				GCC_WARN_UNDECLARED_SELECTOR = YES;
				GCC_WARN_UNINITIALIZED_AUTOS = YES_AGGRESSIVE;
				GCC_WARN_UNUSED_FUNCTION = YES;
				GCC_WARN_UNUSED_VARIABLE = YES;
				IPHONEOS_DEPLOYMENT_TARGET = 11.1;
				MTL_ENABLE_DEBUG_INFO = NO;
				SDKROOT = iphoneos;
				SWIFT_OPTIMIZATION_LEVEL = "-Owholemodule";
				VALIDATE_PRODUCT = YES;
			};
			name = Release;
		};
		AB667CA31FAC389100EC203C /* Debug */ = {
			isa = XCBuildConfiguration;
			buildSettings = {
				ASSETCATALOG_COMPILER_APPICON_NAME = AppIcon;
				CODE_SIGN_STYLE = Automatic;
				DEVELOPMENT_TEAM = 8E2YC6766L;
				INFOPLIST_FILE = ThirdDemo/Info.plist;
				LD_RUNPATH_SEARCH_PATHS = "$(inherited) @executable_path/Frameworks";
				PRODUCT_BUNDLE_IDENTIFIER = com.learnSwift..ThirdDemo;
				PRODUCT_NAME = "$(TARGET_NAME)";
				SWIFT_VERSION = 4.0;
				TARGETED_DEVICE_FAMILY = "1,2";
			};
			name = Debug;
		};
		AB667CA41FAC389100EC203C /* Release */ = {
			isa = XCBuildConfiguration;
			buildSettings = {
				ASSETCATALOG_COMPILER_APPICON_NAME = AppIcon;
				CODE_SIGN_STYLE = Automatic;
				DEVELOPMENT_TEAM = 8E2YC6766L;
				INFOPLIST_FILE = ThirdDemo/Info.plist;
				LD_RUNPATH_SEARCH_PATHS = "$(inherited) @executable_path/Frameworks";
				PRODUCT_BUNDLE_IDENTIFIER = com.learnSwift..ThirdDemo;
				PRODUCT_NAME = "$(TARGET_NAME)";
				SWIFT_VERSION = 4.0;
				TARGETED_DEVICE_FAMILY = "1,2";
			};
			name = Release;
		};
/* End XCBuildConfiguration section */

/* Begin XCConfigurationList section */
		AB667C8B1FAC389100EC203C /* Build configuration list for PBXProject "ThirdDemo" */ = {
			isa = XCConfigurationList;
			buildConfigurations = (
				AB667CA01FAC389100EC203C /* Debug */,
				AB667CA11FAC389100EC203C /* Release */,
			);
			defaultConfigurationIsVisible = 0;
			defaultConfigurationName = Release;
		};
		AB667CA21FAC389100EC203C /* Build configuration list for PBXNativeTarget "ThirdDemo" */ = {
			isa = XCConfigurationList;
			buildConfigurations = (
				AB667CA31FAC389100EC203C /* Debug */,
				AB667CA41FAC389100EC203C /* Release */,
			);
			defaultConfigurationIsVisible = 0;
			defaultConfigurationName = Release;
		};
/* End XCConfigurationList section */
	};
	rootObject = AB667C881FAC389100EC203C /* Project object */;
}
