// !$*UTF8*$!
{
	archiveVersion = 1;
	classes = {
	};
	objectVersion = 48;
	objects = {

/* Begin PBXBuildFile section */
		AB1731F41FA18A2E00F7E642 /* AppDelegate.swift in Sources */ = {isa = PBXBuildFile; fileRef = AB1731F31FA18A2E00F7E642 /* AppDelegate.swift */; };
		AB1731F61FA18A2E00F7E642 /* ViewController.swift in Sources */ = {isa = PBXBuildFile; fileRef = AB1731F51FA18A2E00F7E642 /* ViewController.swift */; };
		AB1731F91FA18A2E00F7E642 /* Main.storyboard in Resources */ = {isa = PBXBuildFile; fileRef = AB1731F71FA18A2E00F7E642 /* Main.storyboard */; };
		AB1731FB1FA18A2E00F7E642 /* Assets.xcassets in Resources */ = {isa = PBXBuildFile; fileRef = AB1731FA1FA18A2E00F7E642 /* Assets.xcassets */; };
		AB1731FE1FA18A2E00F7E642 /* LaunchScreen.storyboard in Resources */ = {isa = PBXBuildFile; fileRef = AB1731FC1FA18A2E00F7E642 /* LaunchScreen.storyboard */; };
		AB17320C1FA1AE8100F7E642 /* ShareViewController.swift in Sources */ = {isa = PBXBuildFile; fileRef = AB17320B1FA1AE8100F7E642 /* ShareViewController.swift */; };
		AB17320F1FA1AE8100F7E642 /* MainInterface.storyboard in Resources */ = {isa = PBXBuildFile; fileRef = AB17320D1FA1AE8100F7E642 /* MainInterface.storyboard */; };
		AB1732131FA1AE8100F7E642 /* Share.appex in Embed App Extensions */ = {isa = PBXBuildFile; fileRef = AB1732091FA1AE8100F7E642 /* Share.appex */; settings = {ATTRIBUTES = (RemoveHeadersOnCopy, ); }; };
/* End PBXBuildFile section */

/* Begin PBXContainerItemProxy section */
		AB1732111FA1AE8100F7E642 /* PBXContainerItemProxy */ = {
			isa = PBXContainerItemProxy;
			containerPortal = AB1731E81FA18A2E00F7E642 /* Project object */;
			proxyType = 1;
			remoteGlobalIDString = AB1732081FA1AE8100F7E642;
			remoteInfo = Share;
		};
/* End PBXContainerItemProxy section */

/* Begin PBXCopyFilesBuildPhase section */
		AB1732171FA1AE8100F7E642 /* Embed App Extensions */ = {
			isa = PBXCopyFilesBuildPhase;
			buildActionMask = 2147483647;
			dstPath = "";
			dstSubfolderSpec = 13;
			files = (
				AB1732131FA1AE8100F7E642 /* Share.appex in Embed App Extensions */,
			);
			name = "Embed App Extensions";
			runOnlyForDeploymentPostprocessing = 0;
		};
/* End PBXCopyFilesBuildPhase section */

/* Begin PBXFileReference section */
		AB1731F01FA18A2E00F7E642 /* FourthDemo.app */ = {isa = PBXFileReference; explicitFileType = wrapper.application; includeInIndex = 0; path = FourthDemo.app; sourceTree = BUILT_PRODUCTS_DIR; };
		AB1731F31FA18A2E00F7E642 /* AppDelegate.swift */ = {isa = PBXFileReference; lastKnownFileType = sourcecode.swift; path = AppDelegate.swift; sourceTree = "<group>"; };
		AB1731F51FA18A2E00F7E642 /* ViewController.swift */ = {isa = PBXFileReference; lastKnownFileType = sourcecode.swift; path = ViewController.swift; sourceTree = "<group>"; };
		AB1731F81FA18A2E00F7E642 /* Base */ = {isa = PBXFileReference; lastKnownFileType = file.storyboard; name = Base; path = Base.lproj/Main.storyboard; sourceTree = "<group>"; };
		AB1731FA1FA18A2E00F7E642 /* Assets.xcassets */ = {isa = PBXFileReference; lastKnownFileType = folder.assetcatalog; path = Assets.xcassets; sourceTree = "<group>"; };
		AB1731FD1FA18A2E00F7E642 /* Base */ = {isa = PBXFileReference; lastKnownFileType = file.storyboard; name = Base; path = Base.lproj/LaunchScreen.storyboard; sourceTree = "<group>"; };
		AB1731FF1FA18A2E00F7E642 /* Info.plist */ = {isa = PBXFileReference; lastKnownFileType = text.plist.xml; path = Info.plist; sourceTree = "<group>"; };
		AB1732091FA1AE8100F7E642 /* Share.appex */ = {isa = PBXFileReference; explicitFileType = "wrapper.app-extension"; includeInIndex = 0; path = Share.appex; sourceTree = BUILT_PRODUCTS_DIR; };
		AB17320B1FA1AE8100F7E642 /* ShareViewController.swift */ = {isa = PBXFileReference; lastKnownFileType = sourcecode.swift; path = ShareViewController.swift; sourceTree = "<group>"; };
		AB17320E1FA1AE8100F7E642 /* Base */ = {isa = PBXFileReference; lastKnownFileType = file.storyboard; name = Base; path = Base.lproj/MainInterface.storyboard; sourceTree = "<group>"; };
		AB1732101FA1AE8100F7E642 /* Info.plist */ = {isa = PBXFileReference; lastKnownFileType = text.plist.xml; path = Info.plist; sourceTree = "<group>"; };
/* End PBXFileReference section */

/* Begin PBXFrameworksBuildPhase section */
		AB1731ED1FA18A2E00F7E642 /* Frameworks */ = {
			isa = PBXFrameworksBuildPhase;
			buildActionMask = 2147483647;
			files = (
			);
			runOnlyForDeploymentPostprocessing = 0;
		};
		AB1732061FA1AE8100F7E642 /* Frameworks */ = {
			isa = PBXFrameworksBuildPhase;
			buildActionMask = 2147483647;
			files = (
			);
			runOnlyForDeploymentPostprocessing = 0;
		};
/* End PBXFrameworksBuildPhase section */

/* Begin PBXGroup section */
		AB1731E71FA18A2E00F7E642 = {
			isa = PBXGroup;
			children = (
				AB1731F21FA18A2E00F7E642 /* FourthDemo */,
				AB17320A1FA1AE8100F7E642 /* Share */,
				AB1731F11FA18A2E00F7E642 /* Products */,
			);
			sourceTree = "<group>";
		};
		AB1731F11FA18A2E00F7E642 /* Products */ = {
			isa = PBXGroup;
			children = (
				AB1731F01FA18A2E00F7E642 /* FourthDemo.app */,
				AB1732091FA1AE8100F7E642 /* Share.appex */,
			);
			name = Products;
			sourceTree = "<group>";
		};
		AB1731F21FA18A2E00F7E642 /* FourthDemo */ = {
			isa = PBXGroup;
			children = (
				AB1731F31FA18A2E00F7E642 /* AppDelegate.swift */,
				AB1731F51FA18A2E00F7E642 /* ViewController.swift */,
				AB1731F71FA18A2E00F7E642 /* Main.storyboard */,
				AB1731FA1FA18A2E00F7E642 /* Assets.xcassets */,
				AB1731FC1FA18A2E00F7E642 /* LaunchScreen.storyboard */,
				AB1731FF1FA18A2E00F7E642 /* Info.plist */,
			);
			path = FourthDemo;
			sourceTree = "<group>";
		};
		AB17320A1FA1AE8100F7E642 /* Share */ = {
			isa = PBXGroup;
			children = (
				AB17320B1FA1AE8100F7E642 /* ShareViewController.swift */,
				AB17320D1FA1AE8100F7E642 /* MainInterface.storyboard */,
				AB1732101FA1AE8100F7E642 /* Info.plist */,
			);
			path = Share;
			sourceTree = "<group>";
		};
/* End PBXGroup section */

/* Begin PBXNativeTarget section */
		AB1731EF1FA18A2E00F7E642 /* FourthDemo */ = {
			isa = PBXNativeTarget;
			buildConfigurationList = AB1732021FA18A2E00F7E642 /* Build configuration list for PBXNativeTarget "FourthDemo" */;
			buildPhases = (
				AB1731EC1FA18A2E00F7E642 /* Sources */,
				AB1731ED1FA18A2E00F7E642 /* Frameworks */,
				AB1731EE1FA18A2E00F7E642 /* Resources */,
				AB1732171FA1AE8100F7E642 /* Embed App Extensions */,
			);
			buildRules = (
			);
			dependencies = (
				AB1732121FA1AE8100F7E642 /* PBXTargetDependency */,
			);
			name = FourthDemo;
			productName = FourthDemo;
			productReference = AB1731F01FA18A2E00F7E642 /* FourthDemo.app */;
			productType = "com.apple.product-type.application";
		};
		AB1732081FA1AE8100F7E642 /* Share */ = {
			isa = PBXNativeTarget;
			buildConfigurationList = AB1732161FA1AE8100F7E642 /* Build configuration list for PBXNativeTarget "Share" */;
			buildPhases = (
				AB1732051FA1AE8100F7E642 /* Sources */,
				AB1732061FA1AE8100F7E642 /* Frameworks */,
				AB1732071FA1AE8100F7E642 /* Resources */,
			);
			buildRules = (
			);
			dependencies = (
			);
			name = Share;
			productName = Share;
			productReference = AB1732091FA1AE8100F7E642 /* Share.appex */;
			productType = "com.apple.product-type.app-extension";
		};
/* End PBXNativeTarget section */

/* Begin PBXProject section */
		AB1731E81FA18A2E00F7E642 /* Project object */ = {
			isa = PBXProject;
			attributes = {
				LastSwiftUpdateCheck = 0900;
				LastUpgradeCheck = 0900;
				ORGANIZATIONNAME = "得一";
				TargetAttributes = {
					AB1731EF1FA18A2E00F7E642 = {
						CreatedOnToolsVersion = 9.0.1;
						ProvisioningStyle = Automatic;
					};
					AB1732081FA1AE8100F7E642 = {
						CreatedOnToolsVersion = 9.0.1;
						ProvisioningStyle = Automatic;
					};
				};
			};
			buildConfigurationList = AB1731EB1FA18A2E00F7E642 /* Build configuration list for PBXProject "FourthDemo" */;
			compatibilityVersion = "Xcode 8.0";
			developmentRegion = en;
			hasScannedForEncodings = 0;
			knownRegions = (
				en,
				Base,
			);
			mainGroup = AB1731E71FA18A2E00F7E642;
			productRefGroup = AB1731F11FA18A2E00F7E642 /* Products */;
			projectDirPath = "";
			projectRoot = "";
			targets = (
				AB1731EF1FA18A2E00F7E642 /* FourthDemo */,
				AB1732081FA1AE8100F7E642 /* Share */,
			);
		};
/* End PBXProject section */

/* Begin PBXResourcesBuildPhase section */
		AB1731EE1FA18A2E00F7E642 /* Resources */ = {
			isa = PBXResourcesBuildPhase;
			buildActionMask = 2147483647;
			files = (
				AB1731FE1FA18A2E00F7E642 /* LaunchScreen.storyboard in Resources */,
				AB1731FB1FA18A2E00F7E642 /* Assets.xcassets in Resources */,
				AB1731F91FA18A2E00F7E642 /* Main.storyboard in Resources */,
			);
			runOnlyForDeploymentPostprocessing = 0;
		};
		AB1732071FA1AE8100F7E642 /* Resources */ = {
			isa = PBXResourcesBuildPhase;
			buildActionMask = 2147483647;
			files = (
				AB17320F1FA1AE8100F7E642 /* MainInterface.storyboard in Resources */,
			);
			runOnlyForDeploymentPostprocessing = 0;
		};
/* End PBXResourcesBuildPhase section */

/* Begin PBXSourcesBuildPhase section */
		AB1731EC1FA18A2E00F7E642 /* Sources */ = {
			isa = PBXSourcesBuildPhase;
			buildActionMask = 2147483647;
			files = (
				AB1731F61FA18A2E00F7E642 /* ViewController.swift in Sources */,
				AB1731F41FA18A2E00F7E642 /* AppDelegate.swift in Sources */,
			);
			runOnlyForDeploymentPostprocessing = 0;
		};
		AB1732051FA1AE8100F7E642 /* Sources */ = {
			isa = PBXSourcesBuildPhase;
			buildActionMask = 2147483647;
			files = (
				AB17320C1FA1AE8100F7E642 /* ShareViewController.swift in Sources */,
			);
			runOnlyForDeploymentPostprocessing = 0;
		};
/* End PBXSourcesBuildPhase section */

/* Begin PBXTargetDependency section */
		AB1732121FA1AE8100F7E642 /* PBXTargetDependency */ = {
			isa = PBXTargetDependency;
			target = AB1732081FA1AE8100F7E642 /* Share */;
			targetProxy = AB1732111FA1AE8100F7E642 /* PBXContainerItemProxy */;
		};
/* End PBXTargetDependency section */

/* Begin PBXVariantGroup section */
		AB1731F71FA18A2E00F7E642 /* Main.storyboard */ = {
			isa = PBXVariantGroup;
			children = (
				AB1731F81FA18A2E00F7E642 /* Base */,
			);
			name = Main.storyboard;
			sourceTree = "<group>";
		};
		AB1731FC1FA18A2E00F7E642 /* LaunchScreen.storyboard */ = {
			isa = PBXVariantGroup;
			children = (
				AB1731FD1FA18A2E00F7E642 /* Base */,
			);
			name = LaunchScreen.storyboard;
			sourceTree = "<group>";
		};
		AB17320D1FA1AE8100F7E642 /* MainInterface.storyboard */ = {
			isa = PBXVariantGroup;
			children = (
				AB17320E1FA1AE8100F7E642 /* Base */,
			);
			name = MainInterface.storyboard;
			sourceTree = "<group>";
		};
/* End PBXVariantGroup section */

/* Begin XCBuildConfiguration section */
		AB1732001FA18A2E00F7E642 /* Debug */ = {
			isa = XCBuildConfiguration;
			buildSettings = {
				ALWAYS_SEARCH_USER_PATHS = NO;
				CLANG_ANALYZER_NONNULL = YES;
				CLANG_ANALYZER_NUMBER_OBJECT_CONVERSION = YES_AGGRESSIVE;
				CLANG_CXX_LANGUAGE_STANDARD = "gnu++14";
				CLANG_CXX_LIBRARY = "libc++";
				CLANG_ENABLE_MODULES = YES;
				CLANG_ENABLE_OBJC_ARC = YES;
				CLANG_WARN_BLOCK_CAPTURE_AUTORELEASING = YES;
				CLANG_WARN_BOOL_CONVERSION = YES;
				CLANG_WARN_COMMA = YES;
				CLANG_WARN_CONSTANT_CONVERSION = YES;
				CLANG_WARN_DIRECT_OBJC_ISA_USAGE = YES_ERROR;
				CLANG_WARN_DOCUMENTATION_COMMENTS = YES;
				CLANG_WARN_EMPTY_BODY = YES;
				CLANG_WARN_ENUM_CONVERSION = YES;
				CLANG_WARN_INFINITE_RECURSION = YES;
				CLANG_WARN_INT_CONVERSION = YES;
				CLANG_WARN_NON_LITERAL_NULL_CONVERSION = YES;
				CLANG_WARN_OBJC_LITERAL_CONVERSION = YES;
				CLANG_WARN_OBJC_ROOT_CLASS = YES_ERROR;
				CLANG_WARN_RANGE_LOOP_ANALYSIS = YES;
				CLANG_WARN_STRICT_PROTOTYPES = YES;
				CLANG_WARN_SUSPICIOUS_MOVE = YES;
				CLANG_WARN_UNGUARDED_AVAILABILITY = YES_AGGRESSIVE;
				CLANG_WARN_UNREACHABLE_CODE = YES;
				CLANG_WARN__DUPLICATE_METHOD_MATCH = YES;
				CODE_SIGN_IDENTITY = "iPhone Developer";
				COPY_PHASE_STRIP = NO;
				DEBUG_INFORMATION_FORMAT = dwarf;
				ENABLE_STRICT_OBJC_MSGSEND = YES;
				ENABLE_TESTABILITY = YES;
				GCC_C_LANGUAGE_STANDARD = gnu11;
				GCC_DYNAMIC_NO_PIC = NO;
				GCC_NO_COMMON_BLOCKS = YES;
				GCC_OPTIMIZATION_LEVEL = 0;
				GCC_PREPROCESSOR_DEFINITIONS = (
					"DEBUG=1",
					"$(inherited)",
				);
				GCC_WARN_64_TO_32_BIT_CONVERSION = YES;
				GCC_WARN_ABOUT_RETURN_TYPE = YES_ERROR;
				GCC_WARN_UNDECLARED_SELECTOR = YES;
				GCC_WARN_UNINITIALIZED_AUTOS = YES_AGGRESSIVE;
				GCC_WARN_UNUSED_FUNCTION = YES;
				GCC_WARN_UNUSED_VARIABLE = YES;
				IPHONEOS_DEPLOYMENT_TARGET = 11.0;
				MTL_ENABLE_DEBUG_INFO = YES;
				ONLY_ACTIVE_ARCH = YES;
				SDKROOT = iphoneos;
				SWIFT_ACTIVE_COMPILATION_CONDITIONS = DEBUG;
				SWIFT_OPTIMIZATION_LEVEL = "-Onone";
			};
			name = Debug;
		};
		AB1732011FA18A2E00F7E642 /* Release */ = {
			isa = XCBuildConfiguration;
			buildSettings = {
				ALWAYS_SEARCH_USER_PATHS = NO;
				CLANG_ANALYZER_NONNULL = YES;
				CLANG_ANALYZER_NUMBER_OBJECT_CONVERSION = YES_AGGRESSIVE;
				CLANG_CXX_LANGUAGE_STANDARD = "gnu++14";
				CLANG_CXX_LIBRARY = "libc++";
				CLANG_ENABLE_MODULES = YES;
				CLANG_ENABLE_OBJC_ARC = YES;
				CLANG_WARN_BLOCK_CAPTURE_AUTORELEASING = YES;
				CLANG_WARN_BOOL_CONVERSION = YES;
				CLANG_WARN_COMMA = YES;
				CLANG_WARN_CONSTANT_CONVERSION = YES;
				CLANG_WARN_DIRECT_OBJC_ISA_USAGE = YES_ERROR;
				CLANG_WARN_DOCUMENTATION_COMMENTS = YES;
				CLANG_WARN_EMPTY_BODY = YES;
				CLANG_WARN_ENUM_CONVERSION = YES;
				CLANG_WARN_INFINITE_RECURSION = YES;
				CLANG_WARN_INT_CONVERSION = YES;
				CLANG_WARN_NON_LITERAL_NULL_CONVERSION = YES;
				CLANG_WARN_OBJC_LITERAL_CONVERSION = YES;
				CLANG_WARN_OBJC_ROOT_CLASS = YES_ERROR;
				CLANG_WARN_RANGE_LOOP_ANALYSIS = YES;
				CLANG_WARN_STRICT_PROTOTYPES = YES;
				CLANG_WARN_SUSPICIOUS_MOVE = YES;
				CLANG_WARN_UNGUARDED_AVAILABILITY = YES_AGGRESSIVE;
				CLANG_WARN_UNREACHABLE_CODE = YES;
				CLANG_WARN__DUPLICATE_METHOD_MATCH = YES;
				CODE_SIGN_IDENTITY = "iPhone Developer";
				COPY_PHASE_STRIP = NO;
				DEBUG_INFORMATION_FORMAT = "dwarf-with-dsym";
				ENABLE_NS_ASSERTIONS = NO;
				ENABLE_STRICT_OBJC_MSGSEND = YES;
				GCC_C_LANGUAGE_STANDARD = gnu11;
				GCC_NO_COMMON_BLOCKS = YES;
				GCC_WARN_64_TO_32_BIT_CONVERSION = YES;
				GCC_WARN_ABOUT_RETURN_TYPE = YES_ERROR;
				GCC_WARN_UNDECLARED_SELECTOR = YES;
				GCC_WARN_UNINITIALIZED_AUTOS = YES_AGGRESSIVE;
				GCC_WARN_UNUSED_FUNCTION = YES;
				GCC_WARN_UNUSED_VARIABLE = YES;
				IPHONEOS_DEPLOYMENT_TARGET = 11.0;
				MTL_ENABLE_DEBUG_INFO = NO;
				SDKROOT = iphoneos;
				SWIFT_OPTIMIZATION_LEVEL = "-Owholemodule";
				VALIDATE_PRODUCT = YES;
			};
			name = Release;
		};
		AB1732031FA18A2E00F7E642 /* Debug */ = {
			isa = XCBuildConfiguration;
			buildSettings = {
				ALWAYS_EMBED_SWIFT_STANDARD_LIBRARIES = YES;
				ASSETCATALOG_COMPILER_APPICON_NAME = AppIcon;
				CODE_SIGN_STYLE = Automatic;
				DEVELOPMENT_TEAM = 8E2YC6766L;
				INFOPLIST_FILE = FourthDemo/Info.plist;
				LD_RUNPATH_SEARCH_PATHS = "$(inherited) @executable_path/Frameworks";
				PRODUCT_BUNDLE_IDENTIFIER = com.learnSwift..FourthDemo;
				PRODUCT_NAME = "$(TARGET_NAME)";
				SWIFT_VERSION = 4.0;
				TARGETED_DEVICE_FAMILY = "1,2";
			};
			name = Debug;
		};
		AB1732041FA18A2E00F7E642 /* Release */ = {
			isa = XCBuildConfiguration;
			buildSettings = {
				ALWAYS_EMBED_SWIFT_STANDARD_LIBRARIES = YES;
				ASSETCATALOG_COMPILER_APPICON_NAME = AppIcon;
				CODE_SIGN_STYLE = Automatic;
				DEVELOPMENT_TEAM = 8E2YC6766L;
				INFOPLIST_FILE = FourthDemo/Info.plist;
				LD_RUNPATH_SEARCH_PATHS = "$(inherited) @executable_path/Frameworks";
				PRODUCT_BUNDLE_IDENTIFIER = com.learnSwift..FourthDemo;
				PRODUCT_NAME = "$(TARGET_NAME)";
				SWIFT_VERSION = 4.0;
				TARGETED_DEVICE_FAMILY = "1,2";
			};
			name = Release;
		};
		AB1732141FA1AE8100F7E642 /* Debug */ = {
			isa = XCBuildConfiguration;
			buildSettings = {
				CODE_SIGN_STYLE = Automatic;
				DEVELOPMENT_TEAM = 8E2YC6766L;
				INFOPLIST_FILE = Share/Info.plist;
				LD_RUNPATH_SEARCH_PATHS = "$(inherited) @executable_path/Frameworks @executable_path/../../Frameworks";
				PRODUCT_BUNDLE_IDENTIFIER = com.learnSwift..FourthDemo.Share;
				PRODUCT_NAME = "$(TARGET_NAME)";
				SKIP_INSTALL = YES;
				SWIFT_VERSION = 4.0;
				TARGETED_DEVICE_FAMILY = "1,2";
			};
			name = Debug;
		};
		AB1732151FA1AE8100F7E642 /* Release */ = {
			isa = XCBuildConfiguration;
			buildSettings = {
				CODE_SIGN_STYLE = Automatic;
				DEVELOPMENT_TEAM = 8E2YC6766L;
				INFOPLIST_FILE = Share/Info.plist;
				LD_RUNPATH_SEARCH_PATHS = "$(inherited) @executable_path/Frameworks @executable_path/../../Frameworks";
				PRODUCT_BUNDLE_IDENTIFIER = com.learnSwift..FourthDemo.Share;
				PRODUCT_NAME = "$(TARGET_NAME)";
				SKIP_INSTALL = YES;
				SWIFT_VERSION = 4.0;
				TARGETED_DEVICE_FAMILY = "1,2";
			};
			name = Release;
		};
/* End XCBuildConfiguration section */

/* Begin XCConfigurationList section */
		AB1731EB1FA18A2E00F7E642 /* Build configuration list for PBXProject "FourthDemo" */ = {
			isa = XCConfigurationList;
			buildConfigurations = (
				AB1732001FA18A2E00F7E642 /* Debug */,
				AB1732011FA18A2E00F7E642 /* Release */,
			);
			defaultConfigurationIsVisible = 0;
			defaultConfigurationName = Release;
		};
		AB1732021FA18A2E00F7E642 /* Build configuration list for PBXNativeTarget "FourthDemo" */ = {
			isa = XCConfigurationList;
			buildConfigurations = (
				AB1732031FA18A2E00F7E642 /* Debug */,
				AB1732041FA18A2E00F7E642 /* Release */,
			);
			defaultConfigurationIsVisible = 0;
			defaultConfigurationName = Release;
		};
		AB1732161FA1AE8100F7E642 /* Build configuration list for PBXNativeTarget "Share" */ = {
			isa = XCConfigurationList;
			buildConfigurations = (
				AB1732141FA1AE8100F7E642 /* Debug */,
				AB1732151FA1AE8100F7E642 /* Release */,
			);
			defaultConfigurationIsVisible = 0;
			defaultConfigurationName = Release;
		};
/* End XCConfigurationList section */
	};
	rootObject = AB1731E81FA18A2E00F7E642 /* Project object */;
}
