// !$*UTF8*$!
{
	archiveVersion = 1;
	classes = {
	};
	objectVersion = 48;
	objects = {

/* Begin PBXBuildFile section */
		AB52EA1E1FAB29DE0099F300 /* AppDelegate.swift in Sources */ = {isa = PBXBuildFile; fileRef = AB52EA1D1FAB29DE0099F300 /* AppDelegate.swift */; };
		AB52EA201FAB29DE0099F300 /* ViewController.swift in Sources */ = {isa = PBXBuildFile; fileRef = AB52EA1F1FAB29DE0099F300 /* ViewController.swift */; };
		AB52EA231FAB29DE0099F300 /* Main.storyboard in Resources */ = {isa = PBXBuildFile; fileRef = AB52EA211FAB29DE0099F300 /* Main.storyboard */; };
		AB52EA251FAB29DE0099F300 /* Assets.xcassets in Resources */ = {isa = PBXBuildFile; fileRef = AB52EA241FAB29DE0099F300 /* Assets.xcassets */; };
		AB52EA281FAB29DE0099F300 /* LaunchScreen.storyboard in Resources */ = {isa = PBXBuildFile; fileRef = AB52EA261FAB29DE0099F300 /* LaunchScreen.storyboard */; };
		AB52EA301FAB2C280099F300 /* ImageCell.swift in Sources */ = {isa = PBXBuildFile; fileRef = AB52EA2F1FAB2C280099F300 /* ImageCell.swift */; };
/* End PBXBuildFile section */

/* Begin PBXFileReference section */
		AB52EA1A1FAB29DE0099F300 /* SecondDemo.app */ = {isa = PBXFileReference; explicitFileType = wrapper.application; includeInIndex = 0; path = SecondDemo.app; sourceTree = BUILT_PRODUCTS_DIR; };
		AB52EA1D1FAB29DE0099F300 /* AppDelegate.swift */ = {isa = PBXFileReference; lastKnownFileType = sourcecode.swift; path = AppDelegate.swift; sourceTree = "<group>"; };
		AB52EA1F1FAB29DE0099F300 /* ViewController.swift */ = {isa = PBXFileReference; lastKnownFileType = sourcecode.swift; path = ViewController.swift; sourceTree = "<group>"; };
		AB52EA221FAB29DE0099F300 /* Base */ = {isa = PBXFileReference; lastKnownFileType = file.storyboard; name = Base; path = Base.lproj/Main.storyboard; sourceTree = "<group>"; };
		AB52EA241FAB29DE0099F300 /* Assets.xcassets */ = {isa = PBXFileReference; lastKnownFileType = folder.assetcatalog; path = Assets.xcassets; sourceTree = "<group>"; };
		AB52EA271FAB29DE0099F300 /* Base */ = {isa = PBXFileReference; lastKnownFileType = file.storyboard; name = Base; path = Base.lproj/LaunchScreen.storyboard; sourceTree = "<group>"; };
		AB52EA291FAB29DE0099F300 /* Info.plist */ = {isa = PBXFileReference; lastKnownFileType = text.plist.xml; path = Info.plist; sourceTree = "<group>"; };
		AB52EA2F1FAB2C280099F300 /* ImageCell.swift */ = {isa = PBXFileReference; lastKnownFileType = sourcecode.swift; path = ImageCell.swift; sourceTree = "<group>"; };
/* End PBXFileReference section */

/* Begin PBXFrameworksBuildPhase section */
		AB52EA171FAB29DE0099F300 /* Frameworks */ = {
			isa = PBXFrameworksBuildPhase;
			buildActionMask = 2147483647;
			files = (
			);
			runOnlyForDeploymentPostprocessing = 0;
		};
/* End PBXFrameworksBuildPhase section */

/* Begin PBXGroup section */
		AB52EA111FAB29DE0099F300 = {
			isa = PBXGroup;
			children = (
				AB52EA1C1FAB29DE0099F300 /* SecondDemo */,
				AB52EA1B1FAB29DE0099F300 /* Products */,
			);
			sourceTree = "<group>";
		};
		AB52EA1B1FAB29DE0099F300 /* Products */ = {
			isa = PBXGroup;
			children = (
				AB52EA1A1FAB29DE0099F300 /* SecondDemo.app */,
			);
			name = Products;
			sourceTree = "<group>";
		};
		AB52EA1C1FAB29DE0099F300 /* SecondDemo */ = {
			isa = PBXGroup;
			children = (
				AB52EA1D1FAB29DE0099F300 /* AppDelegate.swift */,
				AB52EA1F1FAB29DE0099F300 /* ViewController.swift */,
				AB52EA2F1FAB2C280099F300 /* ImageCell.swift */,
				AB52EA211FAB29DE0099F300 /* Main.storyboard */,
				AB52EA241FAB29DE0099F300 /* Assets.xcassets */,
				AB52EA261FAB29DE0099F300 /* LaunchScreen.storyboard */,
				AB52EA291FAB29DE0099F300 /* Info.plist */,
			);
			path = SecondDemo;
			sourceTree = "<group>";
		};
/* End PBXGroup section */

/* Begin PBXNativeTarget section */
		AB52EA191FAB29DE0099F300 /* SecondDemo */ = {
			isa = PBXNativeTarget;
			buildConfigurationList = AB52EA2C1FAB29DE0099F300 /* Build configuration list for PBXNativeTarget "SecondDemo" */;
			buildPhases = (
				AB52EA161FAB29DE0099F300 /* Sources */,
				AB52EA171FAB29DE0099F300 /* Frameworks */,
				AB52EA181FAB29DE0099F300 /* Resources */,
			);
			buildRules = (
			);
			dependencies = (
			);
			name = SecondDemo;
			productName = SecondDemo;
			productReference = AB52EA1A1FAB29DE0099F300 /* SecondDemo.app */;
			productType = "com.apple.product-type.application";
		};
/* End PBXNativeTarget section */

/* Begin PBXProject section */
		AB52EA121FAB29DE0099F300 /* Project object */ = {
			isa = PBXProject;
			attributes = {
				LastSwiftUpdateCheck = 0910;
				LastUpgradeCheck = 0910;
				ORGANIZATIONNAME = "得一";
				TargetAttributes = {
					AB52EA191FAB29DE0099F300 = {
						CreatedOnToolsVersion = 9.1;
						ProvisioningStyle = Automatic;
					};
				};
			};
			buildConfigurationList = AB52EA151FAB29DE0099F300 /* Build configuration list for PBXProject "SecondDemo" */;
			compatibilityVersion = "Xcode 8.0";
			developmentRegion = en;
			hasScannedForEncodings = 0;
			knownRegions = (
				en,
				Base,
			);
			mainGroup = AB52EA111FAB29DE0099F300;
			productRefGroup = AB52EA1B1FAB29DE0099F300 /* Products */;
			projectDirPath = "";
			projectRoot = "";
			targets = (
				AB52EA191FAB29DE0099F300 /* SecondDemo */,
			);
		};
/* End PBXProject section */

/* Begin PBXResourcesBuildPhase section */
		AB52EA181FAB29DE0099F300 /* Resources */ = {
			isa = PBXResourcesBuildPhase;
			buildActionMask = 2147483647;
			files = (
				AB52EA281FAB29DE0099F300 /* LaunchScreen.storyboard in Resources */,
				AB52EA251FAB29DE0099F300 /* Assets.xcassets in Resources */,
				AB52EA231FAB29DE0099F300 /* Main.storyboard in Resources */,
			);
			runOnlyForDeploymentPostprocessing = 0;
		};
/* End PBXResourcesBuildPhase section */

/* Begin PBXSourcesBuildPhase section */
		AB52EA161FAB29DE0099F300 /* Sources */ = {
			isa = PBXSourcesBuildPhase;
			buildActionMask = 2147483647;
			files = (
				AB52EA201FAB29DE0099F300 /* ViewController.swift in Sources */,
				AB52EA1E1FAB29DE0099F300 /* AppDelegate.swift in Sources */,
				AB52EA301FAB2C280099F300 /* ImageCell.swift in Sources */,
			);
			runOnlyForDeploymentPostprocessing = 0;
		};
/* End PBXSourcesBuildPhase section */

/* Begin PBXVariantGroup section */
		AB52EA211FAB29DE0099F300 /* Main.storyboard */ = {
			isa = PBXVariantGroup;
			children = (
				AB52EA221FAB29DE0099F300 /* Base */,
			);
			name = Main.storyboard;
			sourceTree = "<group>";
		};
		AB52EA261FAB29DE0099F300 /* LaunchScreen.storyboard */ = {
			isa = PBXVariantGroup;
			children = (
				AB52EA271FAB29DE0099F300 /* Base */,
			);
			name = LaunchScreen.storyboard;
			sourceTree = "<group>";
		};
/* End PBXVariantGroup section */

/* Begin XCBuildConfiguration section */
		AB52EA2A1FAB29DE0099F300 /* Debug */ = {
			isa = XCBuildConfiguration;
			buildSettings = {
				ALWAYS_SEARCH_USER_PATHS = NO;
				CLANG_ANALYZER_NONNULL = YES;
				CLANG_ANALYZER_NUMBER_OBJECT_CONVERSION = YES_AGGRESSIVE;
				CLANG_CXX_LANGUAGE_STANDARD = "gnu++14";
				CLANG_CXX_LIBRARY = "libc++";
				CLANG_ENABLE_MODULES = YES;
				CLANG_ENABLE_OBJC_ARC = YES;
				CLANG_WARN_BLOCK_CAPTURE_AUTORELEASING = YES;
				CLANG_WARN_BOOL_CONVERSION = YES;
				CLANG_WARN_COMMA = YES;
				CLANG_WARN_CONSTANT_CONVERSION = YES;
				CLANG_WARN_DIRECT_OBJC_ISA_USAGE = YES_ERROR;
				CLANG_WARN_DOCUMENTATION_COMMENTS = YES;
				CLANG_WARN_EMPTY_BODY = YES;
				CLANG_WARN_ENUM_CONVERSION = YES;
				CLANG_WARN_INFINITE_RECURSION = YES;
				CLANG_WARN_INT_CONVERSION = YES;
				CLANG_WARN_NON_LITERAL_NULL_CONVERSION = YES;
				CLANG_WARN_OBJC_LITERAL_CONVERSION = YES;
				CLANG_WARN_OBJC_ROOT_CLASS = YES_ERROR;
				CLANG_WARN_RANGE_LOOP_ANALYSIS = YES;
				CLANG_WARN_STRICT_PROTOTYPES = YES;
				CLANG_WARN_SUSPICIOUS_MOVE = YES;
				CLANG_WARN_UNGUARDED_AVAILABILITY = YES_AGGRESSIVE;
				CLANG_WARN_UNREACHABLE_CODE = YES;
				CLANG_WARN__DUPLICATE_METHOD_MATCH = YES;
				CODE_SIGN_IDENTITY = "iPhone Developer";
				COPY_PHASE_STRIP = NO;
				DEBUG_INFORMATION_FORMAT = dwarf;
				ENABLE_STRICT_OBJC_MSGSEND = YES;
				ENABLE_TESTABILITY = YES;
				GCC_C_LANGUAGE_STANDARD = gnu11;
				GCC_DYNAMIC_NO_PIC = NO;
				GCC_NO_COMMON_BLOCKS = YES;
				GCC_OPTIMIZATION_LEVEL = 0;
				GCC_PREPROCESSOR_DEFINITIONS = (
					"DEBUG=1",
					"$(inherited)",
				);
				GCC_WARN_64_TO_32_BIT_CONVERSION = YES;
				GCC_WARN_ABOUT_RETURN_TYPE = YES_ERROR;
				GCC_WARN_UNDECLARED_SELECTOR = YES;
				GCC_WARN_UNINITIALIZED_AUTOS = YES_AGGRESSIVE;
				GCC_WARN_UNUSED_FUNCTION = YES;
				GCC_WARN_UNUSED_VARIABLE = YES;
				IPHONEOS_DEPLOYMENT_TARGET = 11.1;
				MTL_ENABLE_DEBUG_INFO = YES;
				ONLY_ACTIVE_ARCH = YES;
				SDKROOT = iphoneos;
				SWIFT_ACTIVE_COMPILATION_CONDITIONS = DEBUG;
				SWIFT_OPTIMIZATION_LEVEL = "-Onone";
			};
			name = Debug;
		};
		AB52EA2B1FAB29DE0099F300 /* Release */ = {
			isa = XCBuildConfiguration;
			buildSettings = {
				ALWAYS_SEARCH_USER_PATHS = NO;
				CLANG_ANALYZER_NONNULL = YES;
				CLANG_ANALYZER_NUMBER_OBJECT_CONVERSION = YES_AGGRESSIVE;
				CLANG_CXX_LANGUAGE_STANDARD = "gnu++14";
				CLANG_CXX_LIBRARY = "libc++";
				CLANG_ENABLE_MODULES = YES;
				CLANG_ENABLE_OBJC_ARC = YES;
				CLANG_WARN_BLOCK_CAPTURE_AUTORELEASING = YES;
				CLANG_WARN_BOOL_CONVERSION = YES;
				CLANG_WARN_COMMA = YES;
				CLANG_WARN_CONSTANT_CONVERSION = YES;
				CLANG_WARN_DIRECT_OBJC_ISA_USAGE = YES_ERROR;
				CLANG_WARN_DOCUMENTATION_COMMENTS = YES;
				CLANG_WARN_EMPTY_BODY = YES;
				CLANG_WARN_ENUM_CONVERSION = YES;
				CLANG_WARN_INFINITE_RECURSION = YES;
				CLANG_WARN_INT_CONVERSION = YES;
				CLANG_WARN_NON_LITERAL_NULL_CONVERSION = YES;
				CLANG_WARN_OBJC_LITERAL_CONVERSION = YES;
				CLANG_WARN_OBJC_ROOT_CLASS = YES_ERROR;
				CLANG_WARN_RANGE_LOOP_ANALYSIS = YES;
				CLANG_WARN_STRICT_PROTOTYPES = YES;
				CLANG_WARN_SUSPICIOUS_MOVE = YES;
				CLANG_WARN_UNGUARDED_AVAILABILITY = YES_AGGRESSIVE;
				CLANG_WARN_UNREACHABLE_CODE = YES;
				CLANG_WARN__DUPLICATE_METHOD_MATCH = YES;
				CODE_SIGN_IDENTITY = "iPhone Developer";
				COPY_PHASE_STRIP = NO;
				DEBUG_INFORMATION_FORMAT = "dwarf-with-dsym";
				ENABLE_NS_ASSERTIONS = NO;
				ENABLE_STRICT_OBJC_MSGSEND = YES;
				GCC_C_LANGUAGE_STANDARD = gnu11;
				GCC_NO_COMMON_BLOCKS = YES;
				GCC_WARN_64_TO_32_BIT_CONVERSION = YES;
				GCC_WARN_ABOUT_RETURN_TYPE = YES_ERROR;
				GCC_WARN_UNDECLARED_SELECTOR = YES;
				GCC_WARN_UNINITIALIZED_AUTOS = YES_AGGRESSIVE;
				GCC_WARN_UNUSED_FUNCTION = YES;
				GCC_WARN_UNUSED_VARIABLE = YES;
				IPHONEOS_DEPLOYMENT_TARGET = 11.1;
				MTL_ENABLE_DEBUG_INFO = NO;
				SDKROOT = iphoneos;
				SWIFT_OPTIMIZATION_LEVEL = "-Owholemodule";
				VALIDATE_PRODUCT = YES;
			};
			name = Release;
		};
		AB52EA2D1FAB29DE0099F300 /* Debug */ = {
			isa = XCBuildConfiguration;
			buildSettings = {
				ASSETCATALOG_COMPILER_APPICON_NAME = AppIcon;
				CODE_SIGN_STYLE = Automatic;
				DEVELOPMENT_TEAM = 8E2YC6766L;
				INFOPLIST_FILE = SecondDemo/Info.plist;
				LD_RUNPATH_SEARCH_PATHS = "$(inherited) @executable_path/Frameworks";
				PRODUCT_BUNDLE_IDENTIFIER = com.learnSwift..SecondDemo;
				PRODUCT_NAME = "$(TARGET_NAME)";
				SWIFT_VERSION = 4.0;
				TARGETED_DEVICE_FAMILY = "1,2";
			};
			name = Debug;
		};
		AB52EA2E1FAB29DE0099F300 /* Release */ = {
			isa = XCBuildConfiguration;
			buildSettings = {
				ASSETCATALOG_COMPILER_APPICON_NAME = AppIcon;
				CODE_SIGN_STYLE = Automatic;
				DEVELOPMENT_TEAM = 8E2YC6766L;
				INFOPLIST_FILE = SecondDemo/Info.plist;
				LD_RUNPATH_SEARCH_PATHS = "$(inherited) @executable_path/Frameworks";
				PRODUCT_BUNDLE_IDENTIFIER = com.learnSwift..SecondDemo;
				PRODUCT_NAME = "$(TARGET_NAME)";
				SWIFT_VERSION = 4.0;
				TARGETED_DEVICE_FAMILY = "1,2";
			};
			name = Release;
		};
/* End XCBuildConfiguration section */

/* Begin XCConfigurationList section */
		AB52EA151FAB29DE0099F300 /* Build configuration list for PBXProject "SecondDemo" */ = {
			isa = XCConfigurationList;
			buildConfigurations = (
				AB52EA2A1FAB29DE0099F300 /* Debug */,
				AB52EA2B1FAB29DE0099F300 /* Release */,
			);
			defaultConfigurationIsVisible = 0;
			defaultConfigurationName = Release;
		};
		AB52EA2C1FAB29DE0099F300 /* Build configuration list for PBXNativeTarget "SecondDemo" */ = {
			isa = XCConfigurationList;
			buildConfigurations = (
				AB52EA2D1FAB29DE0099F300 /* Debug */,
				AB52EA2E1FAB29DE0099F300 /* Release */,
			);
			defaultConfigurationIsVisible = 0;
			defaultConfigurationName = Release;
		};
/* End XCConfigurationList section */
	};
	rootObject = AB52EA121FAB29DE0099F300 /* Project object */;
}
